
Microsoft Visual Studio Solution File, Format Version 12.00
# Visual Studio Version 17
VisualStudioVersion = 17.13.35818.85
MinimumVisualStudioVersion = 10.0.40219.1
Project("{FAE04EC0-301F-11D3-BF4B-00C04F79EFBC}") = "DinoTrack", "DinoTrack.csproj", "{9CAD5FF3-B77F-4651-A41B-34B11CB40263}"
EndProject
Global
	GlobalSection(SolutionConfigurationPlatforms) = preSolution
		Debug|Any CPU = Debug|Any CPU
		Release|Any CPU = Release|Any CPU
	EndGlobalSection
	GlobalSection(ProjectConfigurationPlatforms) = postSolution
		{9CAD5FF3-B77F-4651-A41B-34B11CB40263}.Debug|Any CPU.ActiveCfg = Debug|Any CPU
		{9CAD5FF3-B77F-4651-A41B-34B11CB40263}.Debug|Any CPU.Build.0 = Debug|Any CPU
		{9CAD5FF3-B77F-4651-A41B-34B11CB40263}.Release|Any CPU.ActiveCfg = Release|Any CPU
		{9CAD5FF3-B77F-4651-A41B-34B11CB40263}.Release|Any CPU.Build.0 = Release|Any CPU
	EndGlobalSection
	GlobalSection(SolutionProperties) = preSolution
		HideSolutionNode = FALSE
	EndGlobalSection
	GlobalSection(ExtensibilityGlobals) = postSolution
		SolutionGuid = {A4987878-AD84-44E1-808E-78F67230893B}
	EndGlobalSection
EndGlobal
